
Microsoft Visual Studio Solution File, Format Version 12.00
# Visual Studio Version 17
VisualStudioVersion = 17.13.35818.85 d17.13
MinimumVisualStudioVersion = 10.0.40219.1
Project("{FAE04EC0-301F-11D3-BF4B-00C04F79EFBC}") = "findyy", "findyy\findyy.csproj", "{6A2CAB80-FD7A-4787-8F3D-D11868401C16}"
EndProject
Global
	GlobalSection(SolutionConfigurationPlatforms) = preSolution
		Debug|Any CPU = Debug|Any CPU
		Release|Any CPU = Release|Any CPU
	EndGlobalSection
	GlobalSection(ProjectConfigurationPlatforms) = postSolution
		{6A2CAB80-FD7A-4787-8F3D-D11868401C16}.Debug|Any CPU.ActiveCfg = Debug|Any CPU
		{6A2CAB80-FD7A-4787-8F3D-D11868401C16}.Debug|Any CPU.Build.0 = Debug|Any CPU
		{6A2CAB80-FD7A-4787-8F3D-D11868401C16}.Release|Any CPU.ActiveCfg = Release|Any CPU
		{6A2CAB80-FD7A-4787-8F3D-D11868401C16}.Release|Any CPU.Build.0 = Release|Any CPU
	EndGlobalSection
	GlobalSection(SolutionProperties) = preSolution
		HideSolutionNode = FALSE
	EndGlobalSection
	GlobalSection(ExtensibilityGlobals) = postSolution
		SolutionGuid = {2AB87FA7-823D-4964-8D61-B3BB520CB492}
	EndGlobalSection
EndGlobal
